
Microsoft Visual Studio Solution File, Format Version 12.00
# Visual Studio Version 16
VisualStudioVersion = 16.0.31205.134
MinimumVisualStudioVersion = 10.0.40219.1
Project("{FAE04EC0-301F-11D3-BF4B-00C04F79EFBC}") = "Onsuzdaislemir", "Onsuzdaislemir\Onsuzdaislemir.csproj", "{4CCE1D65-E145-4292-8D90-178B59BDDC50}"
EndProject
Global
	GlobalSection(SolutionConfigurationPlatforms) = preSolution
		Debug|Any CPU = Debug|Any CPU
		Release|Any CPU = Release|Any CPU
	EndGlobalSection
	GlobalSection(ProjectConfigurationPlatforms) = postSolution
		{4CCE1D65-E145-4292-8D90-178B59BDDC50}.Debug|Any CPU.ActiveCfg = Debug|Any CPU
		{4CCE1D65-E145-4292-8D90-178B59BDDC50}.Debug|Any CPU.Build.0 = Debug|Any CPU
		{4CCE1D65-E145-4292-8D90-178B59BDDC50}.Release|Any CPU.ActiveCfg = Release|Any CPU
		{4CCE1D65-E145-4292-8D90-178B59BDDC50}.Release|Any CPU.Build.0 = Release|Any CPU
	EndGlobalSection
	GlobalSection(SolutionProperties) = preSolution
		HideSolutionNode = FALSE
	EndGlobalSection
	GlobalSection(ExtensibilityGlobals) = postSolution
		SolutionGuid = {EA5705CC-E498-49E3-B30F-03AB7A761374}
	EndGlobalSection
EndGlobal
